
Microsoft Visual Studio Solution File, Format Version 12.00
# Visual Studio Version 17
VisualStudioVersion = 17.0.31903.59
MinimumVisualStudioVersion = 10.0.40219.1
Project("{9A19103F-16F7-4668-BE54-9A1E7A4F7556}") = "EasyNetQ.Console", "EasyNetQ\EasyNetQ.Console\EasyNetQ.Console.csproj", "{30C865E6-D33F-43B4-A69E-A5278F59BB6F}"
EndProject
Project("{9A19103F-16F7-4668-BE54-9A1E7A4F7556}") = "RabbitMQClient.Console", "RabbitMQ.Client\RabbitMQClient.Console\RabbitMQClient.Console.csproj", "{D571FDBC-661D-4A27-AF26-7CF9905514A0}"
EndProject
Project("{9A19103F-16F7-4668-BE54-9A1E7A4F7556}") = "RabbitMQClient.Customers.API", "RabbitMQ.Client\RabbitMQClient.Customers.API\RabbitMQClient.Customers.API.csproj", "{2073F196-BD70-4AE2-A748-3AE6474F584C}"
EndProject
Project("{9A19103F-16F7-4668-BE54-9A1E7A4F7556}") = "RabbitMQClient.Marketing.API", "RabbitMQ.Client\RabbitMQClient.Marketing.API\RabbitMQClient.Marketing.API.csproj", "{6A82548D-B13A-45FA-A990-FB77F8AFFD58}"
EndProject
Project("{9A19103F-16F7-4668-BE54-9A1E7A4F7556}") = "MessagingEvents.Shared", "MessagingEvents.Shared\MessagingEvents.Shared.csproj", "{417C4B30-65EA-4665-9900-C8E911006D4A}"
EndProject
Project("{9A19103F-16F7-4668-BE54-9A1E7A4F7556}") = "EasyNetQ.Customers.API", "EasyNetQ\EasyNetQ.Customers.API\EasyNetQ.Customers.API.csproj", "{F857C6E9-1813-4A18-8C24-049313B6FD47}"
EndProject
Project("{9A19103F-16F7-4668-BE54-9A1E7A4F7556}") = "EasyNetQ.Marketing.API", "EasyNetQ\EasyNetQ.Marketing.API\EasyNetQ.Marketing.API.csproj", "{1A643D05-AD7B-45C6-A663-FB6D37766A4E}"
EndProject
Project("{2150E333-8FDC-42A3-9474-1A3956D46DE8}") = "MassTransit", "MassTransit", "{A051B32E-F51E-4062-B4CA-2724AAA9146B}"
EndProject
Project("{FAE04EC0-301F-11D3-BF4B-00C04F79EFBC}") = "MassTransit.Customers", "MassTransit\MassTransit.Customers\MassTransit.Customers.csproj", "{C21F25A1-0EBD-48EC-8688-61DE4977D713}"
EndProject
Global
	GlobalSection(SolutionConfigurationPlatforms) = preSolution
		Debug|Any CPU = Debug|Any CPU
		Release|Any CPU = Release|Any CPU
	EndGlobalSection
	GlobalSection(ProjectConfigurationPlatforms) = postSolution
		{30C865E6-D33F-43B4-A69E-A5278F59BB6F}.Debug|Any CPU.ActiveCfg = Debug|Any CPU
		{30C865E6-D33F-43B4-A69E-A5278F59BB6F}.Debug|Any CPU.Build.0 = Debug|Any CPU
		{30C865E6-D33F-43B4-A69E-A5278F59BB6F}.Release|Any CPU.ActiveCfg = Release|Any CPU
		{30C865E6-D33F-43B4-A69E-A5278F59BB6F}.Release|Any CPU.Build.0 = Release|Any CPU
		{D571FDBC-661D-4A27-AF26-7CF9905514A0}.Debug|Any CPU.ActiveCfg = Debug|Any CPU
		{D571FDBC-661D-4A27-AF26-7CF9905514A0}.Debug|Any CPU.Build.0 = Debug|Any CPU
		{D571FDBC-661D-4A27-AF26-7CF9905514A0}.Release|Any CPU.ActiveCfg = Release|Any CPU
		{D571FDBC-661D-4A27-AF26-7CF9905514A0}.Release|Any CPU.Build.0 = Release|Any CPU
		{2073F196-BD70-4AE2-A748-3AE6474F584C}.Debug|Any CPU.ActiveCfg = Debug|Any CPU
		{2073F196-BD70-4AE2-A748-3AE6474F584C}.Debug|Any CPU.Build.0 = Debug|Any CPU
		{2073F196-BD70-4AE2-A748-3AE6474F584C}.Release|Any CPU.ActiveCfg = Release|Any CPU
		{2073F196-BD70-4AE2-A748-3AE6474F584C}.Release|Any CPU.Build.0 = Release|Any CPU
		{6A82548D-B13A-45FA-A990-FB77F8AFFD58}.Debug|Any CPU.ActiveCfg = Debug|Any CPU
		{6A82548D-B13A-45FA-A990-FB77F8AFFD58}.Debug|Any CPU.Build.0 = Debug|Any CPU
		{6A82548D-B13A-45FA-A990-FB77F8AFFD58}.Release|Any CPU.ActiveCfg = Release|Any CPU
		{6A82548D-B13A-45FA-A990-FB77F8AFFD58}.Release|Any CPU.Build.0 = Release|Any CPU
		{417C4B30-65EA-4665-9900-C8E911006D4A}.Debug|Any CPU.ActiveCfg = Debug|Any CPU
		{417C4B30-65EA-4665-9900-C8E911006D4A}.Debug|Any CPU.Build.0 = Debug|Any CPU
		{417C4B30-65EA-4665-9900-C8E911006D4A}.Release|Any CPU.ActiveCfg = Release|Any CPU
		{417C4B30-65EA-4665-9900-C8E911006D4A}.Release|Any CPU.Build.0 = Release|Any CPU
		{F857C6E9-1813-4A18-8C24-049313B6FD47}.Debug|Any CPU.ActiveCfg = Debug|Any CPU
		{F857C6E9-1813-4A18-8C24-049313B6FD47}.Debug|Any CPU.Build.0 = Debug|Any CPU
		{F857C6E9-1813-4A18-8C24-049313B6FD47}.Release|Any CPU.ActiveCfg = Release|Any CPU
		{F857C6E9-1813-4A18-8C24-049313B6FD47}.Release|Any CPU.Build.0 = Release|Any CPU
		{1A643D05-AD7B-45C6-A663-FB6D37766A4E}.Debug|Any CPU.ActiveCfg = Debug|Any CPU
		{1A643D05-AD7B-45C6-A663-FB6D37766A4E}.Debug|Any CPU.Build.0 = Debug|Any CPU
		{1A643D05-AD7B-45C6-A663-FB6D37766A4E}.Release|Any CPU.ActiveCfg = Release|Any CPU
		{1A643D05-AD7B-45C6-A663-FB6D37766A4E}.Release|Any CPU.Build.0 = Release|Any CPU
		{C21F25A1-0EBD-48EC-8688-61DE4977D713}.Debug|Any CPU.ActiveCfg = Debug|Any CPU
		{C21F25A1-0EBD-48EC-8688-61DE4977D713}.Debug|Any CPU.Build.0 = Debug|Any CPU
		{C21F25A1-0EBD-48EC-8688-61DE4977D713}.Release|Any CPU.ActiveCfg = Release|Any CPU
		{C21F25A1-0EBD-48EC-8688-61DE4977D713}.Release|Any CPU.Build.0 = Release|Any CPU
	EndGlobalSection
	GlobalSection(SolutionProperties) = preSolution
		HideSolutionNode = FALSE
	EndGlobalSection
	GlobalSection(ExtensibilityGlobals) = postSolution
		SolutionGuid = {216D5106-489C-44BB-BB7B-4169DC44ECF8}
	EndGlobalSection
	GlobalSection(NestedProjects) = preSolution
		{C21F25A1-0EBD-48EC-8688-61DE4977D713} = {A051B32E-F51E-4062-B4CA-2724AAA9146B}
	EndGlobalSection
EndGlobal
